github.com/TokTok/go-toxcore-c v0.2.17 h1:3FL4xBS1EhAbtVsfyMoW0XFKyjDK90E6XWLI3eSeWR0=
github.com/TokTok/go-toxcore-c v0.2.17/go.mod h1:tO5Ahu5RL0wyQCitsh7hnNfhBv9tCt2xhi+JHeiR2/Q=
github.com/petermattis/goid v0.0.0-20180202154549-b0b1615b78e5 h1:q2e307iGHPdTGp0hoxKjt1H5pDo6utceo3dQVK3I5XQ=
github.com/petermattis/goid v0.0.0-20180202154549-b0b1615b78e5/go.mod h1:jvVRKCrJTQWu0XVbaOlby/2lO20uSCHEMzzplHXte1o=
github.com/sasha-s/go-deadlock v0.3.1 h1:sqv7fDNShgjcaxkO0JNcOAlr8B9+cV5Ey/OB71efZx0=
github.com/sasha-s/go-deadlock v0.3.1/go.mod h1:F73l+cr82YSh10GxyRI6qZiCgK64VaZjwesgfQ1/iLM=
github.com/streamrail/concurrent-map v0.0.0-20160823150647-8bf1e9bacbf6 h1:XklXvOrWxWCDX2n4vdEQWkjuIP820XD6C4kF0O0FzH4=
github.com/streamrail/concurrent-map v0.0.0-20160823150647-8bf1e9bacbf6/go.mod h1:yqDD2twFAqxvvH5gtpwwgLsj5L1kbNwtoPoDOwBzXcs=
golang.org/x/exp v0.0.0-20220722155223-a9213eeb770e h1:+WEEuIdZHnUeJJmEUjyYC2gfUMj69yZXw17EnHg/otA=
golang.org/x/exp v0.0.0-20220722155223-a9213eeb770e/go.mod h1:Kr81I6Kryrl9sr8s2FK3vxD90NdsKWRuOIl2O4CvYbA=
